// !$*UTF8*$!
{
	archiveVersion = 1;
	classes = {
	};
	objectVersion = 50;
	objects = {

/* Begin PBXBuildFile section */
		5F690EF02543E37600B72890 /* AppDelegate.swift in Sources */ = {isa = PBXBuildFile; fileRef = 5F690EEF2543E37600B72890 /* AppDelegate.swift */; };
		5F690EF22543E37600B72890 /* SceneDelegate.swift in Sources */ = {isa = PBXBuildFile; fileRef = 5F690EF12543E37600B72890 /* SceneDelegate.swift */; };
		5F690EF72543E37600B72890 /* Main.storyboard in Resources */ = {isa = PBXBuildFile; fileRef = 5F690EF52543E37600B72890 /* Main.storyboard */; };
		5F690EFA2543E37600B72890 /* Photos.xcdatamodeld in Sources */ = {isa = PBXBuildFile; fileRef = 5F690EF82543E37600B72890 /* Photos.xcdatamodeld */; };
		5F690EFC2543E37700B72890 /* Assets.xcassets in Resources */ = {isa = PBXBuildFile; fileRef = 5F690EFB2543E37700B72890 /* Assets.xcassets */; };
		5F690EFF2543E37700B72890 /* LaunchScreen.storyboard in Resources */ = {isa = PBXBuildFile; fileRef = 5F690EFD2543E37700B72890 /* LaunchScreen.storyboard */; };
		5F690F0A2543E37700B72890 /* PhotosTests.swift in Sources */ = {isa = PBXBuildFile; fileRef = 5F690F092543E37700B72890 /* PhotosTests.swift */; };
		5F690F152543E37700B72890 /* PhotosUITests.swift in Sources */ = {isa = PBXBuildFile; fileRef = 5F690F142543E37700B72890 /* PhotosUITests.swift */; };
		5F690F292543E66900B72890 /* PhotoViewController.swift in Sources */ = {isa = PBXBuildFile; fileRef = 5F690F282543E66900B72890 /* PhotoViewController.swift */; };
/* End PBXBuildFile section */

/* Begin PBXContainerItemProxy section */
		5F690F062543E37700B72890 /* PBXContainerItemProxy */ = {
			isa = PBXContainerItemProxy;
			containerPortal = 5F690EE42543E37600B72890 /* Project object */;
			proxyType = 1;
			remoteGlobalIDString = 5F690EEB2543E37600B72890;
			remoteInfo = Photos;
		};
		5F690F112543E37700B72890 /* PBXContainerItemProxy */ = {
			isa = PBXContainerItemProxy;
			containerPortal = 5F690EE42543E37600B72890 /* Project object */;
			proxyType = 1;
			remoteGlobalIDString = 5F690EEB2543E37600B72890;
			remoteInfo = Photos;
		};
/* End PBXContainerItemProxy section */

/* Begin PBXFileReference section */
		5F690EEC2543E37600B72890 /* Photos.app */ = {isa = PBXFileReference; explicitFileType = wrapper.application; includeInIndex = 0; path = Photos.app; sourceTree = BUILT_PRODUCTS_DIR; };
		5F690EEF2543E37600B72890 /* AppDelegate.swift */ = {isa = PBXFileReference; lastKnownFileType = sourcecode.swift; path = AppDelegate.swift; sourceTree = "<group>"; };
		5F690EF12543E37600B72890 /* SceneDelegate.swift */ = {isa = PBXFileReference; lastKnownFileType = sourcecode.swift; path = SceneDelegate.swift; sourceTree = "<group>"; };
		5F690EF62543E37600B72890 /* Base */ = {isa = PBXFileReference; lastKnownFileType = file.storyboard; name = Base; path = Base.lproj/Main.storyboard; sourceTree = "<group>"; };
		5F690EF92543E37600B72890 /* Photos.xcdatamodel */ = {isa = PBXFileReference; lastKnownFileType = wrapper.xcdatamodel; path = Photos.xcdatamodel; sourceTree = "<group>"; };
		5F690EFB2543E37700B72890 /* Assets.xcassets */ = {isa = PBXFileReference; lastKnownFileType = folder.assetcatalog; path = Assets.xcassets; sourceTree = "<group>"; };
		5F690EFE2543E37700B72890 /* Base */ = {isa = PBXFileReference; lastKnownFileType = file.storyboard; name = Base; path = Base.lproj/LaunchScreen.storyboard; sourceTree = "<group>"; };
		5F690F002543E37700B72890 /* Info.plist */ = {isa = PBXFileReference; lastKnownFileType = text.plist.xml; path = Info.plist; sourceTree = "<group>"; };
		5F690F052543E37700B72890 /* PhotosTests.xctest */ = {isa = PBXFileReference; explicitFileType = wrapper.cfbundle; includeInIndex = 0; path = PhotosTests.xctest; sourceTree = BUILT_PRODUCTS_DIR; };
		5F690F092543E37700B72890 /* PhotosTests.swift */ = {isa = PBXFileReference; lastKnownFileType = sourcecode.swift; path = PhotosTests.swift; sourceTree = "<group>"; };
		5F690F0B2543E37700B72890 /* Info.plist */ = {isa = PBXFileReference; lastKnownFileType = text.plist.xml; path = Info.plist; sourceTree = "<group>"; };
		5F690F102543E37700B72890 /* PhotosUITests.xctest */ = {isa = PBXFileReference; explicitFileType = wrapper.cfbundle; includeInIndex = 0; path = PhotosUITests.xctest; sourceTree = BUILT_PRODUCTS_DIR; };
		5F690F142543E37700B72890 /* PhotosUITests.swift */ = {isa = PBXFileReference; lastKnownFileType = sourcecode.swift; path = PhotosUITests.swift; sourceTree = "<group>"; };
		5F690F162543E37700B72890 /* Info.plist */ = {isa = PBXFileReference; lastKnownFileType = text.plist.xml; path = Info.plist; sourceTree = "<group>"; };
		5F690F282543E66900B72890 /* PhotoViewController.swift */ = {isa = PBXFileReference; lastKnownFileType = sourcecode.swift; path = PhotoViewController.swift; sourceTree = "<group>"; };
/* End PBXFileReference section */

/* Begin PBXFrameworksBuildPhase section */
		5F690EE92543E37600B72890 /* Frameworks */ = {
			isa = PBXFrameworksBuildPhase;
			buildActionMask = 2147483647;
			files = (
			);
			runOnlyForDeploymentPostprocessing = 0;
		};
		5F690F022543E37700B72890 /* Frameworks */ = {
			isa = PBXFrameworksBuildPhase;
			buildActionMask = 2147483647;
			files = (
			);
			runOnlyForDeploymentPostprocessing = 0;
		};
		5F690F0D2543E37700B72890 /* Frameworks */ = {
			isa = PBXFrameworksBuildPhase;
			buildActionMask = 2147483647;
			files = (
			);
			runOnlyForDeploymentPostprocessing = 0;
		};
/* End PBXFrameworksBuildPhase section */

/* Begin PBXGroup section */
		5F690EE32543E37600B72890 = {
			isa = PBXGroup;
			children = (
				5F690EEE2543E37600B72890 /* Photos */,
				5F690F082543E37700B72890 /* PhotosTests */,
				5F690F132543E37700B72890 /* PhotosUITests */,
				5F690EED2543E37600B72890 /* Products */,
			);
			sourceTree = "<group>";
		};
		5F690EED2543E37600B72890 /* Products */ = {
			isa = PBXGroup;
			children = (
				5F690EEC2543E37600B72890 /* Photos.app */,
				5F690F052543E37700B72890 /* PhotosTests.xctest */,
				5F690F102543E37700B72890 /* PhotosUITests.xctest */,
			);
			name = Products;
			sourceTree = "<group>";
		};
		5F690EEE2543E37600B72890 /* Photos */ = {
			isa = PBXGroup;
			children = (
				5F690EEF2543E37600B72890 /* AppDelegate.swift */,
				5F690EF12543E37600B72890 /* SceneDelegate.swift */,
				5F690F282543E66900B72890 /* PhotoViewController.swift */,
				5F690EF52543E37600B72890 /* Main.storyboard */,
				5F690EFB2543E37700B72890 /* Assets.xcassets */,
				5F690EFD2543E37700B72890 /* LaunchScreen.storyboard */,
				5F690F002543E37700B72890 /* Info.plist */,
				5F690EF82543E37600B72890 /* Photos.xcdatamodeld */,
			);
			path = Photos;
			sourceTree = "<group>";
		};
		5F690F082543E37700B72890 /* PhotosTests */ = {
			isa = PBXGroup;
			children = (
				5F690F092543E37700B72890 /* PhotosTests.swift */,
				5F690F0B2543E37700B72890 /* Info.plist */,
			);
			path = PhotosTests;
			sourceTree = "<group>";
		};
		5F690F132543E37700B72890 /* PhotosUITests */ = {
			isa = PBXGroup;
			children = (
				5F690F142543E37700B72890 /* PhotosUITests.swift */,
				5F690F162543E37700B72890 /* Info.plist */,
			);
			path = PhotosUITests;
			sourceTree = "<group>";
		};
/* End PBXGroup section */

/* Begin PBXNativeTarget section */
		5F690EEB2543E37600B72890 /* Photos */ = {
			isa = PBXNativeTarget;
			buildConfigurationList = 5F690F192543E37700B72890 /* Build configuration list for PBXNativeTarget "Photos" */;
			buildPhases = (
				5F690EE82543E37600B72890 /* Sources */,
				5F690EE92543E37600B72890 /* Frameworks */,
				5F690EEA2543E37600B72890 /* Resources */,
			);
			buildRules = (
			);
			dependencies = (
			);
			name = Photos;
			productName = Photos;
			productReference = 5F690EEC2543E37600B72890 /* Photos.app */;
			productType = "com.apple.product-type.application";
		};
		5F690F042543E37700B72890 /* PhotosTests */ = {
			isa = PBXNativeTarget;
			buildConfigurationList = 5F690F1C2543E37700B72890 /* Build configuration list for PBXNativeTarget "PhotosTests" */;
			buildPhases = (
				5F690F012543E37700B72890 /* Sources */,
				5F690F022543E37700B72890 /* Frameworks */,
				5F690F032543E37700B72890 /* Resources */,
			);
			buildRules = (
			);
			dependencies = (
				5F690F072543E37700B72890 /* PBXTargetDependency */,
			);
			name = PhotosTests;
			productName = PhotosTests;
			productReference = 5F690F052543E37700B72890 /* PhotosTests.xctest */;
			productType = "com.apple.product-type.bundle.unit-test";
		};
		5F690F0F2543E37700B72890 /* PhotosUITests */ = {
			isa = PBXNativeTarget;
			buildConfigurationList = 5F690F1F2543E37700B72890 /* Build configuration list for PBXNativeTarget "PhotosUITests" */;
			buildPhases = (
				5F690F0C2543E37700B72890 /* Sources */,
				5F690F0D2543E37700B72890 /* Frameworks */,
				5F690F0E2543E37700B72890 /* Resources */,
			);
			buildRules = (
			);
			dependencies = (
				5F690F122543E37700B72890 /* PBXTargetDependency */,
			);
			name = PhotosUITests;
			productName = PhotosUITests;
			productReference = 5F690F102543E37700B72890 /* PhotosUITests.xctest */;
			productType = "com.apple.product-type.bundle.ui-testing";
		};
/* End PBXNativeTarget section */

/* Begin PBXProject section */
		5F690EE42543E37600B72890 /* Project object */ = {
			isa = PBXProject;
			attributes = {
				LastSwiftUpdateCheck = 1200;
				LastUpgradeCheck = 1200;
				TargetAttributes = {
					5F690EEB2543E37600B72890 = {
						CreatedOnToolsVersion = 12.0.1;
					};
					5F690F042543E37700B72890 = {
						CreatedOnToolsVersion = 12.0.1;
						TestTargetID = 5F690EEB2543E37600B72890;
					};
					5F690F0F2543E37700B72890 = {
						CreatedOnToolsVersion = 12.0.1;
						TestTargetID = 5F690EEB2543E37600B72890;
					};
				};
			};
			buildConfigurationList = 5F690EE72543E37600B72890 /* Build configuration list for PBXProject "Photos" */;
			compatibilityVersion = "Xcode 9.3";
			developmentRegion = en;
			hasScannedForEncodings = 0;
			knownRegions = (
				en,
				Base,
			);
			mainGroup = 5F690EE32543E37600B72890;
			productRefGroup = 5F690EED2543E37600B72890 /* Products */;
			projectDirPath = "";
			projectRoot = "";
			targets = (
				5F690EEB2543E37600B72890 /* Photos */,
				5F690F042543E37700B72890 /* PhotosTests */,
				5F690F0F2543E37700B72890 /* PhotosUITests */,
			);
		};
/* End PBXProject section */

/* Begin PBXResourcesBuildPhase section */
		5F690EEA2543E37600B72890 /* Resources */ = {
			isa = PBXResourcesBuildPhase;
			buildActionMask = 2147483647;
			files = (
				5F690EFF2543E37700B72890 /* LaunchScreen.storyboard in Resources */,
				5F690EFC2543E37700B72890 /* Assets.xcassets in Resources */,
				5F690EF72543E37600B72890 /* Main.storyboard in Resources */,
			);
			runOnlyForDeploymentPostprocessing = 0;
		};
		5F690F032543E37700B72890 /* Resources */ = {
			isa = PBXResourcesBuildPhase;
			buildActionMask = 2147483647;
			files = (
			);
			runOnlyForDeploymentPostprocessing = 0;
		};
		5F690F0E2543E37700B72890 /* Resources */ = {
			isa = PBXResourcesBuildPhase;
			buildActionMask = 2147483647;
			files = (
			);
			runOnlyForDeploymentPostprocessing = 0;
		};
/* End PBXResourcesBuildPhase section */

/* Begin PBXSourcesBuildPhase section */
		5F690EE82543E37600B72890 /* Sources */ = {
			isa = PBXSourcesBuildPhase;
			buildActionMask = 2147483647;
			files = (
				5F690EFA2543E37600B72890 /* Photos.xcdatamodeld in Sources */,
				5F690F292543E66900B72890 /* PhotoViewController.swift in Sources */,
				5F690EF02543E37600B72890 /* AppDelegate.swift in Sources */,
				5F690EF22543E37600B72890 /* SceneDelegate.swift in Sources */,
			);
			runOnlyForDeploymentPostprocessing = 0;
		};
		5F690F012543E37700B72890 /* Sources */ = {
			isa = PBXSourcesBuildPhase;
			buildActionMask = 2147483647;
			files = (
				5F690F0A2543E37700B72890 /* PhotosTests.swift in Sources */,
			);
			runOnlyForDeploymentPostprocessing = 0;
		};
		5F690F0C2543E37700B72890 /* Sources */ = {
			isa = PBXSourcesBuildPhase;
			buildActionMask = 2147483647;
			files = (
				5F690F152543E37700B72890 /* PhotosUITests.swift in Sources */,
			);
			runOnlyForDeploymentPostprocessing = 0;
		};
/* End PBXSourcesBuildPhase section */

/* Begin PBXTargetDependency section */
		5F690F072543E37700B72890 /* PBXTargetDependency */ = {
			isa = PBXTargetDependency;
			target = 5F690EEB2543E37600B72890 /* Photos */;
			targetProxy = 5F690F062543E37700B72890 /* PBXContainerItemProxy */;
		};
		5F690F122543E37700B72890 /* PBXTargetDependency */ = {
			isa = PBXTargetDependency;
			target = 5F690EEB2543E37600B72890 /* Photos */;
			targetProxy = 5F690F112543E37700B72890 /* PBXContainerItemProxy */;
		};
/* End PBXTargetDependency section */

/* Begin PBXVariantGroup section */
		5F690EF52543E37600B72890 /* Main.storyboard */ = {
			isa = PBXVariantGroup;
			children = (
				5F690EF62543E37600B72890 /* Base */,
			);
			name = Main.storyboard;
			sourceTree = "<group>";
		};
		5F690EFD2543E37700B72890 /* LaunchScreen.storyboard */ = {
			isa = PBXVariantGroup;
			children = (
				5F690EFE2543E37700B72890 /* Base */,
			);
			name = LaunchScreen.storyboard;
			sourceTree = "<group>";
		};
/* End PBXVariantGroup section */

/* Begin XCBuildConfiguration section */
		5F690F172543E37700B72890 /* Debug */ = {
			isa = XCBuildConfiguration;
			buildSettings = {
				ALWAYS_SEARCH_USER_PATHS = NO;
				CLANG_ANALYZER_NONNULL = YES;
				CLANG_ANALYZER_NUMBER_OBJECT_CONVERSION = YES_AGGRESSIVE;
				CLANG_CXX_LANGUAGE_STANDARD = "gnu++14";
				CLANG_CXX_LIBRARY = "libc++";
				CLANG_ENABLE_MODULES = YES;
				CLANG_ENABLE_OBJC_ARC = YES;
				CLANG_ENABLE_OBJC_WEAK = YES;
				CLANG_WARN_BLOCK_CAPTURE_AUTORELEASING = YES;
				CLANG_WARN_BOOL_CONVERSION = YES;
				CLANG_WARN_COMMA = YES;
				CLANG_WARN_CONSTANT_CONVERSION = YES;
				CLANG_WARN_DEPRECATED_OBJC_IMPLEMENTATIONS = YES;
				CLANG_WARN_DIRECT_OBJC_ISA_USAGE = YES_ERROR;
				CLANG_WARN_DOCUMENTATION_COMMENTS = YES;
				CLANG_WARN_EMPTY_BODY = YES;
				CLANG_WARN_ENUM_CONVERSION = YES;
				CLANG_WARN_INFINITE_RECURSION = YES;
				CLANG_WARN_INT_CONVERSION = YES;
				CLANG_WARN_NON_LITERAL_NULL_CONVERSION = YES;
				CLANG_WARN_OBJC_IMPLICIT_RETAIN_SELF = YES;
				CLANG_WARN_OBJC_LITERAL_CONVERSION = YES;
				CLANG_WARN_OBJC_ROOT_CLASS = YES_ERROR;
				CLANG_WARN_QUOTED_INCLUDE_IN_FRAMEWORK_HEADER = YES;
				CLANG_WARN_RANGE_LOOP_ANALYSIS = YES;
				CLANG_WARN_STRICT_PROTOTYPES = YES;
				CLANG_WARN_SUSPICIOUS_MOVE = YES;
				CLANG_WARN_UNGUARDED_AVAILABILITY = YES_AGGRESSIVE;
				CLANG_WARN_UNREACHABLE_CODE = YES;
				CLANG_WARN__DUPLICATE_METHOD_MATCH = YES;
				COPY_PHASE_STRIP = NO;
				DEBUG_INFORMATION_FORMAT = dwarf;
				ENABLE_STRICT_OBJC_MSGSEND = YES;
				ENABLE_TESTABILITY = YES;
				GCC_C_LANGUAGE_STANDARD = gnu11;
				GCC_DYNAMIC_NO_PIC = NO;
				GCC_NO_COMMON_BLOCKS = YES;
				GCC_OPTIMIZATION_LEVEL = 0;
				GCC_PREPROCESSOR_DEFINITIONS = (
					"DEBUG=1",
					"$(inherited)",
				);
				GCC_WARN_64_TO_32_BIT_CONVERSION = YES;
				GCC_WARN_ABOUT_RETURN_TYPE = YES_ERROR;
				GCC_WARN_UNDECLARED_SELECTOR = YES;
				GCC_WARN_UNINITIALIZED_AUTOS = YES_AGGRESSIVE;
				GCC_WARN_UNUSED_FUNCTION = YES;
				GCC_WARN_UNUSED_VARIABLE = YES;
				IPHONEOS_DEPLOYMENT_TARGET = 14.0;
				MTL_ENABLE_DEBUG_INFO = INCLUDE_SOURCE;
				MTL_FAST_MATH = YES;
				ONLY_ACTIVE_ARCH = YES;
				SDKROOT = iphoneos;
				SWIFT_ACTIVE_COMPILATION_CONDITIONS = DEBUG;
				SWIFT_OPTIMIZATION_LEVEL = "-Onone";
			};
			name = Debug;
		};
		5F690F182543E37700B72890 /* Release */ = {
			isa = XCBuildConfiguration;
			buildSettings = {
				ALWAYS_SEARCH_USER_PATHS = NO;
				CLANG_ANALYZER_NONNULL = YES;
				CLANG_ANALYZER_NUMBER_OBJECT_CONVERSION = YES_AGGRESSIVE;
				CLANG_CXX_LANGUAGE_STANDARD = "gnu++14";
				CLANG_CXX_LIBRARY = "libc++";
				CLANG_ENABLE_MODULES = YES;
				CLANG_ENABLE_OBJC_ARC = YES;
				CLANG_ENABLE_OBJC_WEAK = YES;
				CLANG_WARN_BLOCK_CAPTURE_AUTORELEASING = YES;
				CLANG_WARN_BOOL_CONVERSION = YES;
				CLANG_WARN_COMMA = YES;
				CLANG_WARN_CONSTANT_CONVERSION = YES;
				CLANG_WARN_DEPRECATED_OBJC_IMPLEMENTATIONS = YES;
				CLANG_WARN_DIRECT_OBJC_ISA_USAGE = YES_ERROR;
				CLANG_WARN_DOCUMENTATION_COMMENTS = YES;
				CLANG_WARN_EMPTY_BODY = YES;
				CLANG_WARN_ENUM_CONVERSION = YES;
				CLANG_WARN_INFINITE_RECURSION = YES;
				CLANG_WARN_INT_CONVERSION = YES;
				CLANG_WARN_NON_LITERAL_NULL_CONVERSION = YES;
				CLANG_WARN_OBJC_IMPLICIT_RETAIN_SELF = YES;
				CLANG_WARN_OBJC_LITERAL_CONVERSION = YES;
				CLANG_WARN_OBJC_ROOT_CLASS = YES_ERROR;
				CLANG_WARN_QUOTED_INCLUDE_IN_FRAMEWORK_HEADER = YES;
				CLANG_WARN_RANGE_LOOP_ANALYSIS = YES;
				CLANG_WARN_STRICT_PROTOTYPES = YES;
				CLANG_WARN_SUSPICIOUS_MOVE = YES;
				CLANG_WARN_UNGUARDED_AVAILABILITY = YES_AGGRESSIVE;
				CLANG_WARN_UNREACHABLE_CODE = YES;
				CLANG_WARN__DUPLICATE_METHOD_MATCH = YES;
				COPY_PHASE_STRIP = NO;
				DEBUG_INFORMATION_FORMAT = "dwarf-with-dsym";
				ENABLE_NS_ASSERTIONS = NO;
				ENABLE_STRICT_OBJC_MSGSEND = YES;
				GCC_C_LANGUAGE_STANDARD = gnu11;
				GCC_NO_COMMON_BLOCKS = YES;
				GCC_WARN_64_TO_32_BIT_CONVERSION = YES;
				GCC_WARN_ABOUT_RETURN_TYPE = YES_ERROR;
				GCC_WARN_UNDECLARED_SELECTOR = YES;
				GCC_WARN_UNINITIALIZED_AUTOS = YES_AGGRESSIVE;
				GCC_WARN_UNUSED_FUNCTION = YES;
				GCC_WARN_UNUSED_VARIABLE = YES;
				IPHONEOS_DEPLOYMENT_TARGET = 14.0;
				MTL_ENABLE_DEBUG_INFO = NO;
				MTL_FAST_MATH = YES;
				SDKROOT = iphoneos;
				SWIFT_COMPILATION_MODE = wholemodule;
				SWIFT_OPTIMIZATION_LEVEL = "-O";
				VALIDATE_PRODUCT = YES;
			};
			name = Release;
		};
		5F690F1A2543E37700B72890 /* Debug */ = {
			isa = XCBuildConfiguration;
			buildSettings = {
				ASSETCATALOG_COMPILER_APPICON_NAME = AppIcon;
				ASSETCATALOG_COMPILER_GLOBAL_ACCENT_COLOR_NAME = AccentColor;
				CODE_SIGN_STYLE = Automatic;
				INFOPLIST_FILE = Photos/Info.plist;
				LD_RUNPATH_SEARCH_PATHS = (
					"$(inherited)",
					"@executable_path/Frameworks",
				);
				PRODUCT_BUNDLE_IDENTIFIER = jcmq6b.Photos;
				PRODUCT_NAME = "$(TARGET_NAME)";
				SWIFT_VERSION = 5.0;
				TARGETED_DEVICE_FAMILY = "1,2";
			};
			name = Debug;
		};
		5F690F1B2543E37700B72890 /* Release */ = {
			isa = XCBuildConfiguration;
			buildSettings = {
				ASSETCATALOG_COMPILER_APPICON_NAME = AppIcon;
				ASSETCATALOG_COMPILER_GLOBAL_ACCENT_COLOR_NAME = AccentColor;
				CODE_SIGN_STYLE = Automatic;
				INFOPLIST_FILE = Photos/Info.plist;
				LD_RUNPATH_SEARCH_PATHS = (
					"$(inherited)",
					"@executable_path/Frameworks",
				);
				PRODUCT_BUNDLE_IDENTIFIER = jcmq6b.Photos;
				PRODUCT_NAME = "$(TARGET_NAME)";
				SWIFT_VERSION = 5.0;
				TARGETED_DEVICE_FAMILY = "1,2";
			};
			name = Release;
		};
		5F690F1D2543E37700B72890 /* Debug */ = {
			isa = XCBuildConfiguration;
			buildSettings = {
				ALWAYS_EMBED_SWIFT_STANDARD_LIBRARIES = YES;
				BUNDLE_LOADER = "$(TEST_HOST)";
				CODE_SIGN_STYLE = Automatic;
				INFOPLIST_FILE = PhotosTests/Info.plist;
				IPHONEOS_DEPLOYMENT_TARGET = 14.0;
				LD_RUNPATH_SEARCH_PATHS = (
					"$(inherited)",
					"@executable_path/Frameworks",
					"@loader_path/Frameworks",
				);
				PRODUCT_BUNDLE_IDENTIFIER = jcmq6b.PhotosTests;
				PRODUCT_NAME = "$(TARGET_NAME)";
				SWIFT_VERSION = 5.0;
				TARGETED_DEVICE_FAMILY = "1,2";
				TEST_HOST = "$(BUILT_PRODUCTS_DIR)/Photos.app/Photos";
			};
			name = Debug;
		};
		5F690F1E2543E37700B72890 /* Release */ = {
			isa = XCBuildConfiguration;
			buildSettings = {
				ALWAYS_EMBED_SWIFT_STANDARD_LIBRARIES = YES;
				BUNDLE_LOADER = "$(TEST_HOST)";
				CODE_SIGN_STYLE = Automatic;
				INFOPLIST_FILE = PhotosTests/Info.plist;
				IPHONEOS_DEPLOYMENT_TARGET = 14.0;
				LD_RUNPATH_SEARCH_PATHS = (
					"$(inherited)",
					"@executable_path/Frameworks",
					"@loader_path/Frameworks",
				);
				PRODUCT_BUNDLE_IDENTIFIER = jcmq6b.PhotosTests;
				PRODUCT_NAME = "$(TARGET_NAME)";
				SWIFT_VERSION = 5.0;
				TARGETED_DEVICE_FAMILY = "1,2";
				TEST_HOST = "$(BUILT_PRODUCTS_DIR)/Photos.app/Photos";
			};
			name = Release;
		};
		5F690F202543E37700B72890 /* Debug */ = {
			isa = XCBuildConfiguration;
			buildSettings = {
				ALWAYS_EMBED_SWIFT_STANDARD_LIBRARIES = YES;
				CODE_SIGN_STYLE = Automatic;
				INFOPLIST_FILE = PhotosUITests/Info.plist;
				LD_RUNPATH_SEARCH_PATHS = (
					"$(inherited)",
					"@executable_path/Frameworks",
					"@loader_path/Frameworks",
				);
				PRODUCT_BUNDLE_IDENTIFIER = jcmq6b.PhotosUITests;
				PRODUCT_NAME = "$(TARGET_NAME)";
				SWIFT_VERSION = 5.0;
				TARGETED_DEVICE_FAMILY = "1,2";
				TEST_TARGET_NAME = Photos;
			};
			name = Debug;
		};
		5F690F212543E37700B72890 /* Release */ = {
			isa = XCBuildConfiguration;
			buildSettings = {
				ALWAYS_EMBED_SWIFT_STANDARD_LIBRARIES = YES;
				CODE_SIGN_STYLE = Automatic;
				INFOPLIST_FILE = PhotosUITests/Info.plist;
				LD_RUNPATH_SEARCH_PATHS = (
					"$(inherited)",
					"@executable_path/Frameworks",
					"@loader_path/Frameworks",
				);
				PRODUCT_BUNDLE_IDENTIFIER = jcmq6b.PhotosUITests;
				PRODUCT_NAME = "$(TARGET_NAME)";
				SWIFT_VERSION = 5.0;
				TARGETED_DEVICE_FAMILY = "1,2";
				TEST_TARGET_NAME = Photos;
			};
			name = Release;
		};
/* End XCBuildConfiguration section */

/* Begin XCConfigurationList section */
		5F690EE72543E37600B72890 /* Build configuration list for PBXProject "Photos" */ = {
			isa = XCConfigurationList;
			buildConfigurations = (
				5F690F172543E37700B72890 /* Debug */,
				5F690F182543E37700B72890 /* Release */,
			);
			defaultConfigurationIsVisible = 0;
			defaultConfigurationName = Release;
		};
		5F690F192543E37700B72890 /* Build configuration list for PBXNativeTarget "Photos" */ = {
			isa = XCConfigurationList;
			buildConfigurations = (
				5F690F1A2543E37700B72890 /* Debug */,
				5F690F1B2543E37700B72890 /* Release */,
			);
			defaultConfigurationIsVisible = 0;
			defaultConfigurationName = Release;
		};
		5F690F1C2543E37700B72890 /* Build configuration list for PBXNativeTarget "PhotosTests" */ = {
			isa = XCConfigurationList;
			buildConfigurations = (
				5F690F1D2543E37700B72890 /* Debug */,
				5F690F1E2543E37700B72890 /* Release */,
			);
			defaultConfigurationIsVisible = 0;
			defaultConfigurationName = Release;
		};
		5F690F1F2543E37700B72890 /* Build configuration list for PBXNativeTarget "PhotosUITests" */ = {
			isa = XCConfigurationList;
			buildConfigurations = (
				5F690F202543E37700B72890 /* Debug */,
				5F690F212543E37700B72890 /* Release */,
			);
			defaultConfigurationIsVisible = 0;
			defaultConfigurationName = Release;
		};
/* End XCConfigurationList section */

/* Begin XCVersionGroup section */
		5F690EF82543E37600B72890 /* Photos.xcdatamodeld */ = {
			isa = XCVersionGroup;
			children = (
				5F690EF92543E37600B72890 /* Photos.xcdatamodel */,
			);
			currentVersion = 5F690EF92543E37600B72890 /* Photos.xcdatamodel */;
			path = Photos.xcdatamodeld;
			sourceTree = "<group>";
			versionGroupType = wrapper.xcdatamodel;
		};
/* End XCVersionGroup section */
	};
	rootObject = 5F690EE42543E37600B72890 /* Project object */;
}
